
Microsoft Visual Studio Solution File, Format Version 12.00
# Visual Studio Version 16
VisualStudioVersion = 16.0.31624.102
MinimumVisualStudioVersion = 10.0.40219.1
Project("{D2ABAB84-BF74-430A-B69E-9DC6D40DDA17}") = "TTKD-29", "TTKD-29\TTKD-29.dwproj", "{E52604D8-5D04-43F0-A12B-E0AF24B829EB}"
EndProject
Global
	GlobalSection(SolutionConfigurationPlatforms) = preSolution
		Development|Default = Development|Default
	EndGlobalSection
	GlobalSection(ProjectConfigurationPlatforms) = postSolution
		{E52604D8-5D04-43F0-A12B-E0AF24B829EB}.Development|Default.ActiveCfg = Development
		{E52604D8-5D04-43F0-A12B-E0AF24B829EB}.Development|Default.Build.0 = Development
		{E52604D8-5D04-43F0-A12B-E0AF24B829EB}.Development|Default.Deploy.0 = Development
	EndGlobalSection
	GlobalSection(SolutionProperties) = preSolution
		HideSolutionNode = FALSE
	EndGlobalSection
	GlobalSection(ExtensibilityGlobals) = postSolution
		SolutionGuid = {B31D0ABC-32E4-49E9-B879-B32716F6FAA7}
	EndGlobalSection
EndGlobal
